
Microsoft Visual Studio Solution File, Format Version 12.00
# Visual Studio Version 17
VisualStudioVersion = 17.5.002.0
MinimumVisualStudioVersion = 10.0.40219.1
Project("{9A19103F-16F7-4668-BE54-9A1E7A4F7556}") = "PM-App", "PM-App.csproj", "{DB9D09B0-9D2A-47AD-9D75-1C2D2AB9C030}"
EndProject
Global
	GlobalSection(SolutionConfigurationPlatforms) = preSolution
		Debug|Any CPU = Debug|Any CPU
		Release|Any CPU = Release|Any CPU
	EndGlobalSection
	GlobalSection(ProjectConfigurationPlatforms) = postSolution
		{DB9D09B0-9D2A-47AD-9D75-1C2D2AB9C030}.Debug|Any CPU.ActiveCfg = Debug|Any CPU
		{DB9D09B0-9D2A-47AD-9D75-1C2D2AB9C030}.Debug|Any CPU.Build.0 = Debug|Any CPU
		{DB9D09B0-9D2A-47AD-9D75-1C2D2AB9C030}.Release|Any CPU.ActiveCfg = Release|Any CPU
		{DB9D09B0-9D2A-47AD-9D75-1C2D2AB9C030}.Release|Any CPU.Build.0 = Release|Any CPU
	EndGlobalSection
	GlobalSection(SolutionProperties) = preSolution
		HideSolutionNode = FALSE
	EndGlobalSection
	GlobalSection(ExtensibilityGlobals) = postSolution
		SolutionGuid = {B6BB6FFE-7B7F-4BB4-9564-53EEC2CFDB87}
	EndGlobalSection
EndGlobal
